<?xml version="1.0" encoding="utf-8"?>
<Project ToolsVersion="14.0" xmlns="http://schemas.microsoft.com/developer/msbuild/2003">
  <ItemGroup>
    <ClCompile Include="include\CompositeImageSourceEngine.cpp">
      <Filter>include</Filter>
    </ClCompile>
    <ClCompile Include="include\FFMPEGReader.cpp">
      <Filter>include</Filter>
    </ClCompile>
    <ClCompile Include="include\FFMPEGWriter.cpp">
      <Filter>include</Filter>
    </ClCompile>
    <ClCompile Include="include\IdleImageSourceEngine.cpp">
      <Filter>include</Filter>
    </ClCompile>
    <ClCompile Include="include\ImageSourceEngine.cpp">
      <Filter>include</Filter>
    </ClCompile>
    <ClCompile Include="include\IMUSourceEngine.cpp">
      <Filter>include</Filter>
    </ClCompile>
    <ClCompile Include="include\Kinect2Engine.cpp">
      <Filter>include</Filter>
    </ClCompile>
    <ClCompile Include="include\LibUVCEngine.cpp">
      <Filter>include</Filter>
    </ClCompile>
    <ClCompile Include="include\OpenNIEngine.cpp">
      <Filter>include</Filter>
    </ClCompile>
    <ClCompile Include="include\PicoFlexxEngine.cpp">
      <Filter>include</Filter>
    </ClCompile>
    <ClCompile Include="include\RealSenseEngine.cpp">
      <Filter>include</Filter>
    </ClCompile>
  </ItemGroup>
  <ItemGroup>
    <ClInclude Include="include\CompositeImageSourceEngine.h">
      <Filter>include</Filter>
    </ClInclude>
    <ClInclude Include="include\FFMPEGReader.h">
      <Filter>include</Filter>
    </ClInclude>
    <ClInclude Include="include\FFMPEGWriter.h">
      <Filter>include</Filter>
    </ClInclude>
    <ClInclude Include="include\IdleImageSourceEngine.h">
      <Filter>include</Filter>
    </ClInclude>
    <ClInclude Include="include\ImageSourceEngine.h">
      <Filter>include</Filter>
    </ClInclude>
    <ClInclude Include="include\IMUSourceEngine.h">
      <Filter>include</Filter>
    </ClInclude>
    <ClInclude Include="include\Kinect2Engine.h">
      <Filter>include</Filter>
    </ClInclude>
    <ClInclude Include="include\LibUVCEngine.h">
      <Filter>include</Filter>
    </ClInclude>
    <ClInclude Include="include\OpenNIEngine.h">
      <Filter>include</Filter>
    </ClInclude>
    <ClInclude Include="include\PicoFlexxEngine.h">
      <Filter>include</Filter>
    </ClInclude>
    <ClInclude Include="include\RealSenseEngine.h">
      <Filter>include</Filter>
    </ClInclude>
  </ItemGroup>
  <ItemGroup>
    <Filter Include="include">
      <UniqueIdentifier>{198bb1d3-e3b2-4aff-8812-5817b656f12d}</UniqueIdentifier>
    </Filter>
  </ItemGroup>
</Project>