<?xml version="1.0" encoding="utf-8"?>
<Project ToolsVersion="14.0" xmlns="http://schemas.microsoft.com/developer/msbuild/2003">
  <ItemGroup>
    <Filter Include="ITM">
      <UniqueIdentifier>{1e5468c0-a050-41c3-8ab6-03366dacb492}</UniqueIdentifier>
    </Filter>
    <Filter Include="Form Files">
      <UniqueIdentifier>{cbf772e7-c258-4ea1-8751-02795509769a}</UniqueIdentifier>
    </Filter>
    <Filter Include="Generated Files">
      <UniqueIdentifier>{f103fcae-19aa-442a-a2ce-25c72010345c}</UniqueIdentifier>
    </Filter>
    <Filter Include="Generated Files\Debug">
      <UniqueIdentifier>{f92048c8-c6d5-444a-a962-b66dc95b0da9}</UniqueIdentifier>
    </Filter>
    <Filter Include="UI">
      <UniqueIdentifier>{35beca77-0cfa-44bc-b23c-a806334382ad}</UniqueIdentifier>
    </Filter>
    <Filter Include="Observer">
      <UniqueIdentifier>{4e6c3dca-cd15-4209-8eab-0b1439cfa51e}</UniqueIdentifier>
    </Filter>
    <Filter Include="InputSource">
      <UniqueIdentifier>{355f752f-4a6f-4226-b1ee-764834f2fba4}</UniqueIdentifier>
    </Filter>
  </ItemGroup>
  <ItemGroup>
    <ClCompile Include="include\main.cpp" />
    <ClCompile Include="include\ITM\UIEngine.cpp">
      <Filter>ITM</Filter>
    </ClCompile>
    <ClCompile Include="include\Observer\ObserverFactory.cpp">
      <Filter>Observer</Filter>
    </ClCompile>
    <ClCompile Include="include\Observer\Observer.cpp">
      <Filter>Observer</Filter>
    </ClCompile>
    <ClCompile Include="include\UI\MainWindow.cpp">
      <Filter>UI</Filter>
    </ClCompile>
    <ClCompile Include="include\ITM\ITMEngine.cpp">
      <Filter>ITM</Filter>
    </ClCompile>
    <ClCompile Include="GeneratedFiles\qrc_ITM_OBJ_Auto_SCAN.cpp">
      <Filter>Generated Files</Filter>
    </ClCompile>
    <ClCompile Include="GeneratedFiles\Debug\moc_Observer.cpp">
      <Filter>Generated Files\Debug</Filter>
    </ClCompile>
    <ClCompile Include="GeneratedFiles\Debug\moc_MainWindow.cpp">
      <Filter>Generated Files\Debug</Filter>
    </ClCompile>
    <ClCompile Include="..\InputSource\include\IdleImageSourceEngine.cpp">
      <Filter>InputSource</Filter>
    </ClCompile>
    <ClCompile Include="..\InputSource\include\ImageSourceEngine.cpp">
      <Filter>InputSource</Filter>
    </ClCompile>
    <ClCompile Include="..\InputSource\include\IMUSourceEngine.cpp">
      <Filter>InputSource</Filter>
    </ClCompile>
    <ClCompile Include="..\InputSource\include\Kinect2Engine.cpp">
      <Filter>InputSource</Filter>
    </ClCompile>
    <ClCompile Include="..\InputSource\include\LibUVCEngine.cpp">
      <Filter>InputSource</Filter>
    </ClCompile>
    <ClCompile Include="..\InputSource\include\OpenNIEngine.cpp">
      <Filter>InputSource</Filter>
    </ClCompile>
    <ClCompile Include="..\InputSource\include\PicoFlexxEngine.cpp">
      <Filter>InputSource</Filter>
    </ClCompile>
    <ClCompile Include="..\InputSource\include\RealSenseEngine.cpp">
      <Filter>InputSource</Filter>
    </ClCompile>
    <ClCompile Include="..\InputSource\include\CompositeImageSourceEngine.cpp">
      <Filter>InputSource</Filter>
    </ClCompile>
    <ClCompile Include="..\InputSource\include\FFMPEGReader.cpp">
      <Filter>InputSource</Filter>
    </ClCompile>
    <ClCompile Include="..\InputSource\include\FFMPEGWriter.cpp">
      <Filter>InputSource</Filter>
    </ClCompile>
  </ItemGroup>
  <ItemGroup>
    <ClInclude Include="include\ITM\UIEngine.h">
      <Filter>ITM</Filter>
    </ClInclude>
    <ClInclude Include="include\ITM\ITMMain.h">
      <Filter>ITM</Filter>
    </ClInclude>
    <ClInclude Include="include\Observer\ObserverFactory.h">
      <Filter>Observer</Filter>
    </ClInclude>
    <ClInclude Include="include\Observer\Observer.h">
      <Filter>Observer</Filter>
    </ClInclude>
    <ClInclude Include="include\UI\MainWindow.h">
      <Filter>UI</Filter>
    </ClInclude>
    <ClInclude Include="include\UI\Viewer.h">
      <Filter>UI</Filter>
    </ClInclude>
    <ClInclude Include="GeneratedFiles\ui_ITM_OBJ_Auto_SCAN.h">
      <Filter>Generated Files</Filter>
    </ClInclude>
    <ClInclude Include="include\UI\ITMEngine.h">
      <Filter>ITM</Filter>
    </ClInclude>
    <ClInclude Include="..\InputSource\include\FFMPEGWriter.h">
      <Filter>InputSource</Filter>
    </ClInclude>
    <ClInclude Include="..\InputSource\include\IdleImageSourceEngine.h">
      <Filter>InputSource</Filter>
    </ClInclude>
    <ClInclude Include="..\InputSource\include\ImageSourceEngine.h">
      <Filter>InputSource</Filter>
    </ClInclude>
    <ClInclude Include="..\InputSource\include\IMUSourceEngine.h">
      <Filter>InputSource</Filter>
    </ClInclude>
    <ClInclude Include="..\InputSource\include\Kinect2Engine.h">
      <Filter>InputSource</Filter>
    </ClInclude>
    <ClInclude Include="..\InputSource\include\LibUVCEngine.h">
      <Filter>InputSource</Filter>
    </ClInclude>
    <ClInclude Include="..\InputSource\include\OpenNIEngine.h">
      <Filter>InputSource</Filter>
    </ClInclude>
    <ClInclude Include="..\InputSource\include\PicoFlexxEngine.h">
      <Filter>InputSource</Filter>
    </ClInclude>
    <ClInclude Include="..\InputSource\include\RealSenseEngine.h">
      <Filter>InputSource</Filter>
    </ClInclude>
    <ClInclude Include="..\InputSource\include\CompositeImageSourceEngine.h">
      <Filter>InputSource</Filter>
    </ClInclude>
    <ClInclude Include="..\InputSource\include\FFMPEGReader.h">
      <Filter>InputSource</Filter>
    </ClInclude>
  </ItemGroup>
  <ItemGroup>
    <None Include="ITM_OBJ_Auto_SCAN.ui">
      <Filter>Form Files</Filter>
    </None>
  </ItemGroup>
</Project>