<?xml version="1.0" encoding="utf-8"?>
<Project ToolsVersion="14.0" xmlns="http://schemas.microsoft.com/developer/msbuild/2003">
  <ItemGroup>
    <Filter Include="include">
      <UniqueIdentifier>{66ee5d6d-b320-4d8d-bd5b-f2903752cabb}</UniqueIdentifier>
    </Filter>
    <Filter Include="include\Core">
      <UniqueIdentifier>{44624967-2d91-4908-a311-10b6c3894a8e}</UniqueIdentifier>
    </Filter>
    <Filter Include="include\Engines">
      <UniqueIdentifier>{579dbdcf-1d61-4d06-9ad4-a073cd77bf0b}</UniqueIdentifier>
    </Filter>
    <Filter Include="include\Engines\LowLevel">
      <UniqueIdentifier>{2da9dec6-943d-4663-b123-b4395266bba8}</UniqueIdentifier>
    </Filter>
    <Filter Include="include\Engines\Meshing">
      <UniqueIdentifier>{118143d7-ed85-482e-a166-8c422b7afcf1}</UniqueIdentifier>
    </Filter>
    <Filter Include="include\Engines\MultiScene">
      <UniqueIdentifier>{4d0439ec-1209-4509-8919-f82f9f62ea9c}</UniqueIdentifier>
    </Filter>
    <Filter Include="include\Engines\Reconstruction">
      <UniqueIdentifier>{5fd178d1-8a1d-4142-8363-1387f3b756ef}</UniqueIdentifier>
    </Filter>
    <Filter Include="include\Engines\Swapping">
      <UniqueIdentifier>{222d7152-073e-4763-8b9e-a3e4aebc027a}</UniqueIdentifier>
    </Filter>
    <Filter Include="include\Engines\ViewBuilding">
      <UniqueIdentifier>{6ad332bc-7661-4a90-a3e1-de0bbafd41a4}</UniqueIdentifier>
    </Filter>
    <Filter Include="include\Engines\Visualisation">
      <UniqueIdentifier>{7bc3a458-841f-4f94-bd67-3e803253fcac}</UniqueIdentifier>
    </Filter>
    <Filter Include="include\Engines\LowLevel\CPU">
      <UniqueIdentifier>{e1151ea2-c651-407a-918f-f88f2d47313a}</UniqueIdentifier>
    </Filter>
    <Filter Include="include\Engines\LowLevel\CUDA">
      <UniqueIdentifier>{f113cdf0-724b-4bd0-b4de-4c98a064f94d}</UniqueIdentifier>
    </Filter>
    <Filter Include="include\Engines\LowLevel\Interface">
      <UniqueIdentifier>{d2aea3dd-7c8a-49f5-9ab6-89bf95c2d21d}</UniqueIdentifier>
    </Filter>
    <Filter Include="include\Engines\LowLevel\Shared">
      <UniqueIdentifier>{b0416570-fbae-4e0b-877a-5172345f63d2}</UniqueIdentifier>
    </Filter>
    <Filter Include="include\Engines\Meshing\CPU">
      <UniqueIdentifier>{cb729c96-ded2-4131-89d6-cb85b69bc215}</UniqueIdentifier>
    </Filter>
    <Filter Include="include\Engines\Meshing\CUDA">
      <UniqueIdentifier>{cf045b6e-f2ac-4ba3-a36b-1ff1248c9718}</UniqueIdentifier>
    </Filter>
    <Filter Include="include\Engines\Meshing\Interface">
      <UniqueIdentifier>{1c6f4384-6e8e-4ed1-98bc-fb30897169ba}</UniqueIdentifier>
    </Filter>
    <Filter Include="include\Engines\Meshing\Shared">
      <UniqueIdentifier>{0a7847ba-09fd-49ce-a1fa-0ff476a3cf66}</UniqueIdentifier>
    </Filter>
    <Filter Include="include\Engines\Visualisation\CPU">
      <UniqueIdentifier>{0ba398a1-b308-4e07-a2e7-82198c285b8a}</UniqueIdentifier>
    </Filter>
    <Filter Include="include\Engines\Visualisation\CUDA">
      <UniqueIdentifier>{5f62ced1-9a91-4d78-b0e7-ccb2fe435be3}</UniqueIdentifier>
    </Filter>
    <Filter Include="include\Engines\Visualisation\Interface">
      <UniqueIdentifier>{0ab1e57f-3969-484e-9e97-b8bb80118e8a}</UniqueIdentifier>
    </Filter>
    <Filter Include="include\Engines\Visualisation\Metal">
      <UniqueIdentifier>{39d7206f-50ef-414f-ac8f-16a6b40cd896}</UniqueIdentifier>
    </Filter>
    <Filter Include="include\Engines\Visualisation\Shared">
      <UniqueIdentifier>{c95b27ce-48b7-4a4c-bcaf-12bbe2df6792}</UniqueIdentifier>
    </Filter>
    <Filter Include="include\Engines\ViewBuilding\CPU">
      <UniqueIdentifier>{01f63dab-190d-4dd4-b78e-143dd3fba26e}</UniqueIdentifier>
    </Filter>
    <Filter Include="include\Engines\ViewBuilding\CUDA">
      <UniqueIdentifier>{1d36e607-24a6-48a7-a520-9f43f789804b}</UniqueIdentifier>
    </Filter>
    <Filter Include="include\Engines\ViewBuilding\Interface">
      <UniqueIdentifier>{46599ae0-4ef3-46c4-a42d-069bc670d9c8}</UniqueIdentifier>
    </Filter>
    <Filter Include="include\Engines\ViewBuilding\Shared">
      <UniqueIdentifier>{8da595bd-4c10-4987-bcdd-0b5f2c27f6e6}</UniqueIdentifier>
    </Filter>
    <Filter Include="include\Engines\Swapping\CPU">
      <UniqueIdentifier>{ce0684c6-c26d-4486-99d2-0ac3d62b53ef}</UniqueIdentifier>
    </Filter>
    <Filter Include="include\Engines\Swapping\CUDA">
      <UniqueIdentifier>{74518e94-44f2-4f32-b78b-9e0ef5981d97}</UniqueIdentifier>
    </Filter>
    <Filter Include="include\Engines\Swapping\Interface">
      <UniqueIdentifier>{552d9347-2bd2-4cb0-9711-3a41f47278fb}</UniqueIdentifier>
    </Filter>
    <Filter Include="include\Engines\Swapping\Metal">
      <UniqueIdentifier>{44c4a019-aafb-4008-b4f9-e3c29837b09a}</UniqueIdentifier>
    </Filter>
    <Filter Include="include\Engines\Swapping\Shared">
      <UniqueIdentifier>{0f3bd999-9c8e-4f93-a735-745ed82e609d}</UniqueIdentifier>
    </Filter>
    <Filter Include="include\Engines\Reconstruction\CPU">
      <UniqueIdentifier>{289d7322-3d84-4973-8d44-a279ce40590a}</UniqueIdentifier>
    </Filter>
    <Filter Include="include\Engines\Reconstruction\CUDA">
      <UniqueIdentifier>{7f301485-49db-44f9-a0f7-55aaeec36aba}</UniqueIdentifier>
    </Filter>
    <Filter Include="include\Engines\Reconstruction\Interface">
      <UniqueIdentifier>{7aebe3de-207c-4a18-812a-51dc04c3f206}</UniqueIdentifier>
    </Filter>
    <Filter Include="include\Engines\Reconstruction\Metal">
      <UniqueIdentifier>{ca27c768-b311-472a-8282-1510e08f081d}</UniqueIdentifier>
    </Filter>
    <Filter Include="include\Engines\Reconstruction\Shared">
      <UniqueIdentifier>{3b96a81a-31be-4d47-b277-bfb642c54428}</UniqueIdentifier>
    </Filter>
    <Filter Include="include\Objects">
      <UniqueIdentifier>{a77296e7-a577-4b96-869c-b19448593c49}</UniqueIdentifier>
    </Filter>
    <Filter Include="include\Objects\Camera">
      <UniqueIdentifier>{d2100feb-a958-4fef-a8d4-fb17997a5aca}</UniqueIdentifier>
    </Filter>
    <Filter Include="include\Objects\Meshing">
      <UniqueIdentifier>{af03f1ca-6a0a-45f7-88e2-67144c8aad52}</UniqueIdentifier>
    </Filter>
    <Filter Include="include\Objects\Misc">
      <UniqueIdentifier>{35224147-02e0-4fb3-885b-e4a93943556b}</UniqueIdentifier>
    </Filter>
    <Filter Include="include\Objects\RenderStates">
      <UniqueIdentifier>{43a2b588-59ea-4992-8d8d-f2a16f13ab23}</UniqueIdentifier>
    </Filter>
    <Filter Include="include\Objects\Scene">
      <UniqueIdentifier>{f9269dce-a12b-40cc-a418-b82c33022bee}</UniqueIdentifier>
    </Filter>
    <Filter Include="include\Objects\Tracking">
      <UniqueIdentifier>{8a08255f-cbaf-4cb6-880b-9e73064296dd}</UniqueIdentifier>
    </Filter>
    <Filter Include="include\Objects\Views">
      <UniqueIdentifier>{91cdcaaa-c394-402f-8e0b-e90c36d4c24c}</UniqueIdentifier>
    </Filter>
    <Filter Include="include\Trackers">
      <UniqueIdentifier>{eb3d400d-cfdd-4f68-a841-912a44dcb962}</UniqueIdentifier>
    </Filter>
    <Filter Include="include\Trackers\CPU">
      <UniqueIdentifier>{cb79f64e-3b56-464d-a085-39cab1294962}</UniqueIdentifier>
    </Filter>
    <Filter Include="include\Trackers\CUDA">
      <UniqueIdentifier>{b5025329-85be-459f-9217-f784ea0c2df9}</UniqueIdentifier>
    </Filter>
    <Filter Include="include\Trackers\Interface">
      <UniqueIdentifier>{7f71f73d-cda9-4e2e-be31-f640d317392a}</UniqueIdentifier>
    </Filter>
    <Filter Include="include\Trackers\Metal">
      <UniqueIdentifier>{02fbaf46-4a7c-4d76-a2b0-b9424dd1a6a2}</UniqueIdentifier>
    </Filter>
    <Filter Include="include\Trackers\Shared">
      <UniqueIdentifier>{bffbb048-bd48-4aba-a2ab-0b663eb05264}</UniqueIdentifier>
    </Filter>
    <Filter Include="include\Utils">
      <UniqueIdentifier>{eee4d48d-9270-4558-be0e-a7c81cce904d}</UniqueIdentifier>
    </Filter>
  </ItemGroup>
  <ItemGroup>
    <ClInclude Include="include\Core\ITMBasicSurfelEngine.h">
      <Filter>include\Core</Filter>
    </ClInclude>
    <ClInclude Include="include\Core\ITMDenseMapper.h">
      <Filter>include\Core</Filter>
    </ClInclude>
    <ClInclude Include="include\Core\ITMDenseSurfelMapper.h">
      <Filter>include\Core</Filter>
    </ClInclude>
    <ClInclude Include="include\Core\ITMMainEngine.h">
      <Filter>include\Core</Filter>
    </ClInclude>
    <ClInclude Include="include\Core\ITMMultiEngine.h">
      <Filter>include\Core</Filter>
    </ClInclude>
    <ClInclude Include="include\Core\ITMTrackingController.h">
      <Filter>include\Core</Filter>
    </ClInclude>
    <ClInclude Include="include\Core\ITMBasicEngine.h">
      <Filter>include\Core</Filter>
    </ClInclude>
    <ClInclude Include="include\Engines\LowLevel\ITMLowLevelEngineFactory.h">
      <Filter>include\Engines\LowLevel</Filter>
    </ClInclude>
    <ClInclude Include="include\Engines\LowLevel\CPU\ITMLowLevelEngine_CPU.h">
      <Filter>include\Engines\LowLevel\CPU</Filter>
    </ClInclude>
    <ClInclude Include="include\Engines\LowLevel\CUDA\ITMLowLevelEngine_CUDA.h">
      <Filter>include\Engines\LowLevel\CUDA</Filter>
    </ClInclude>
    <ClInclude Include="include\Engines\LowLevel\Interface\ITMLowLevelEngine.h">
      <Filter>include\Engines\LowLevel\Interface</Filter>
    </ClInclude>
    <ClInclude Include="include\Engines\LowLevel\Shared\ITMLowLevelEngine_Shared.h">
      <Filter>include\Engines\LowLevel\Shared</Filter>
    </ClInclude>
    <ClInclude Include="include\Engines\Meshing\CPU\ITMMultiMeshingEngine_CPU.h">
      <Filter>include\Engines\Meshing\CPU</Filter>
    </ClInclude>
    <ClInclude Include="include\Engines\Meshing\CPU\ITMMeshingEngine_CPU.h">
      <Filter>include\Engines\Meshing\CPU</Filter>
    </ClInclude>
    <ClInclude Include="include\Engines\Meshing\CUDA\ITMMultiMeshingEngine_CUDA.h">
      <Filter>include\Engines\Meshing\CUDA</Filter>
    </ClInclude>
    <ClInclude Include="include\Engines\Meshing\CUDA\ITMMeshingEngine_CUDA.h">
      <Filter>include\Engines\Meshing\CUDA</Filter>
    </ClInclude>
    <ClInclude Include="include\Engines\Meshing\Interface\ITMMeshingEngine.h">
      <Filter>include\Engines\Meshing\Interface</Filter>
    </ClInclude>
    <ClInclude Include="include\Engines\Meshing\Interface\ITMMultiMeshingEngine.h">
      <Filter>include\Engines\Meshing\Interface</Filter>
    </ClInclude>
    <ClInclude Include="include\Engines\Meshing\Shared\ITMMultiMeshingEngine_Shared.h">
      <Filter>include\Engines\Meshing\Shared</Filter>
    </ClInclude>
    <ClInclude Include="include\Engines\Meshing\Shared\ITMMeshingEngine_Shared.h">
      <Filter>include\Engines\Meshing\Shared</Filter>
    </ClInclude>
    <ClInclude Include="include\Engines\Meshing\ITMMeshingEngineFactory.h">
      <Filter>include\Engines\Meshing</Filter>
    </ClInclude>
    <ClInclude Include="include\Engines\Meshing\ITMMultiMeshingEngineFactory.h">
      <Filter>include\Engines\Meshing</Filter>
    </ClInclude>
    <ClInclude Include="include\Engines\MultiScene\ITMGlobalAdjustmentEngine.h">
      <Filter>include\Engines\MultiScene</Filter>
    </ClInclude>
    <ClInclude Include="include\Engines\MultiScene\ITMMapGraphManager.h">
      <Filter>include\Engines\MultiScene</Filter>
    </ClInclude>
    <ClInclude Include="include\Engines\MultiScene\ITMActiveMapManager.h">
      <Filter>include\Engines\MultiScene</Filter>
    </ClInclude>
    <ClInclude Include="include\Engines\Visualisation\CPU\ITMSurfelVisualisationEngine_CPU.h">
      <Filter>include\Engines\Visualisation\CPU</Filter>
    </ClInclude>
    <ClInclude Include="include\Engines\Visualisation\CPU\ITMVisualisationEngine_CPU.h">
      <Filter>include\Engines\Visualisation\CPU</Filter>
    </ClInclude>
    <ClInclude Include="include\Engines\Visualisation\CPU\ITMMultiVisualisationEngine_CPU.h">
      <Filter>include\Engines\Visualisation\CPU</Filter>
    </ClInclude>
    <ClInclude Include="include\Engines\Visualisation\CUDA\ITMVisualisationEngine_CUDA.h">
      <Filter>include\Engines\Visualisation\CUDA</Filter>
    </ClInclude>
    <ClInclude Include="include\Engines\Visualisation\CUDA\ITMVisualisationHelpers_CUDA.h">
      <Filter>include\Engines\Visualisation\CUDA</Filter>
    </ClInclude>
    <ClInclude Include="include\Engines\Visualisation\CUDA\ITMMultiVisualisationEngine_CUDA.h">
      <Filter>include\Engines\Visualisation\CUDA</Filter>
    </ClInclude>
    <ClInclude Include="include\Engines\Visualisation\CUDA\ITMSurfelVisualisationEngine_CUDA.h">
      <Filter>include\Engines\Visualisation\CUDA</Filter>
    </ClInclude>
    <ClInclude Include="include\Engines\Visualisation\Interface\ITMVisualisationEngine.h">
      <Filter>include\Engines\Visualisation\Interface</Filter>
    </ClInclude>
    <ClInclude Include="include\Engines\Visualisation\Interface\ITMMultiVisualisationEngine.h">
      <Filter>include\Engines\Visualisation\Interface</Filter>
    </ClInclude>
    <ClInclude Include="include\Engines\Visualisation\Interface\ITMSurfelVisualisationEngine.h">
      <Filter>include\Engines\Visualisation\Interface</Filter>
    </ClInclude>
    <ClInclude Include="include\Engines\Visualisation\Metal\ITMVisualisationEngine_Metal.h">
      <Filter>include\Engines\Visualisation\Metal</Filter>
    </ClInclude>
    <ClInclude Include="include\Engines\Visualisation\Shared\ITMSurfelVisualisationEngine_Shared.h">
      <Filter>include\Engines\Visualisation\Shared</Filter>
    </ClInclude>
    <ClInclude Include="include\Engines\Visualisation\Shared\ITMVisualisationEngine_Shared.h">
      <Filter>include\Engines\Visualisation\Shared</Filter>
    </ClInclude>
    <ClInclude Include="include\Engines\Visualisation\Shared\ITMSurfelVisualisationEngine_Settings.h">
      <Filter>include\Engines\Visualisation\Shared</Filter>
    </ClInclude>
    <ClInclude Include="include\Engines\Visualisation\ITMSurfelVisualisationEngineFactory.h">
      <Filter>include\Engines\Visualisation</Filter>
    </ClInclude>
    <ClInclude Include="include\Engines\Visualisation\ITMVisualisationEngineFactory.h">
      <Filter>include\Engines\Visualisation</Filter>
    </ClInclude>
    <ClInclude Include="include\Engines\Visualisation\ITMMultiVisualisationEngineFactory.h">
      <Filter>include\Engines\Visualisation</Filter>
    </ClInclude>
    <ClInclude Include="include\Engines\ViewBuilding\CPU\ITMViewBuilder_CPU.h">
      <Filter>include\Engines\ViewBuilding\CPU</Filter>
    </ClInclude>
    <ClInclude Include="include\Engines\ViewBuilding\ITMViewBuilderFactory.h">
      <Filter>include\Engines\ViewBuilding</Filter>
    </ClInclude>
    <ClInclude Include="include\Engines\ViewBuilding\CUDA\ITMViewBuilder_CUDA.h">
      <Filter>include\Engines\ViewBuilding\CUDA</Filter>
    </ClInclude>
    <ClInclude Include="include\Engines\ViewBuilding\Interface\ITMViewBuilder.h">
      <Filter>include\Engines\ViewBuilding\Interface</Filter>
    </ClInclude>
    <ClInclude Include="include\Engines\ViewBuilding\Shared\ITMViewBuilder_Shared.h">
      <Filter>include\Engines\ViewBuilding\Shared</Filter>
    </ClInclude>
    <ClInclude Include="include\Engines\Swapping\ITMSwappingEngineFactory.h">
      <Filter>include\Engines\Swapping</Filter>
    </ClInclude>
    <ClInclude Include="include\Engines\Swapping\CPU\ITMSwappingEngine_CPU.h">
      <Filter>include\Engines\Swapping\CPU</Filter>
    </ClInclude>
    <ClInclude Include="include\Engines\Swapping\Interface\ITMSwappingEngine.h">
      <Filter>include\Engines\Swapping\Interface</Filter>
    </ClInclude>
    <ClInclude Include="include\Engines\Swapping\CUDA\ITMSwappingEngine_CUDA.h">
      <Filter>include\Engines\Swapping\CUDA</Filter>
    </ClInclude>
    <ClInclude Include="include\Engines\Swapping\Metal\ITMSwappingEngine_Metal.h">
      <Filter>include\Engines\Swapping\Metal</Filter>
    </ClInclude>
    <ClInclude Include="include\Engines\Swapping\Shared\ITMSwappingEngine_Shared.h">
      <Filter>include\Engines\Swapping\Shared</Filter>
    </ClInclude>
    <ClInclude Include="include\Engines\Reconstruction\ITMSceneReconstructionEngineFactory.h">
      <Filter>include\Engines\Reconstruction</Filter>
    </ClInclude>
    <ClInclude Include="include\Engines\Reconstruction\ITMSurfelSceneReconstructionEngineFactory.h">
      <Filter>include\Engines\Reconstruction</Filter>
    </ClInclude>
    <ClInclude Include="include\Engines\Reconstruction\CPU\ITMSceneReconstructionEngine_CPU.h">
      <Filter>include\Engines\Reconstruction\CPU</Filter>
    </ClInclude>
    <ClInclude Include="include\Engines\Reconstruction\CPU\ITMSurfelSceneReconstructionEngine_CPU.h">
      <Filter>include\Engines\Reconstruction\CPU</Filter>
    </ClInclude>
    <ClInclude Include="include\Engines\Reconstruction\CUDA\ITMSceneReconstructionEngine_CUDA.h">
      <Filter>include\Engines\Reconstruction\CUDA</Filter>
    </ClInclude>
    <ClInclude Include="include\Engines\Reconstruction\CUDA\ITMSurfelSceneReconstructionEngine_CUDA.h">
      <Filter>include\Engines\Reconstruction\CUDA</Filter>
    </ClInclude>
    <ClInclude Include="include\Engines\Reconstruction\Interface\ITMSurfelSceneReconstructionEngine.h">
      <Filter>include\Engines\Reconstruction\Interface</Filter>
    </ClInclude>
    <ClInclude Include="include\Engines\Reconstruction\Interface\ITMSceneReconstructionEngine.h">
      <Filter>include\Engines\Reconstruction\Interface</Filter>
    </ClInclude>
    <ClInclude Include="include\Engines\Reconstruction\Metal\ITMSceneReconstructionEngine_Metal.h">
      <Filter>include\Engines\Reconstruction\Metal</Filter>
    </ClInclude>
    <ClInclude Include="include\Engines\Reconstruction\Shared\ITMSceneReconstructionEngine_Shared.h">
      <Filter>include\Engines\Reconstruction\Shared</Filter>
    </ClInclude>
    <ClInclude Include="include\Engines\Reconstruction\Shared\ITMSurfelSceneReconstructionEngine_Shared.h">
      <Filter>include\Engines\Reconstruction\Shared</Filter>
    </ClInclude>
    <ClInclude Include="include\Objects\Camera\ITMDisparityCalib.h">
      <Filter>include\Objects\Camera</Filter>
    </ClInclude>
    <ClInclude Include="include\Objects\Camera\ITMExtrinsics.h">
      <Filter>include\Objects\Camera</Filter>
    </ClInclude>
    <ClInclude Include="include\Objects\Camera\ITMIntrinsics.h">
      <Filter>include\Objects\Camera</Filter>
    </ClInclude>
    <ClInclude Include="include\Objects\Camera\ITMRGBDCalib.h">
      <Filter>include\Objects\Camera</Filter>
    </ClInclude>
    <ClInclude Include="include\Objects\Camera\ITMCalibIO.h">
      <Filter>include\Objects\Camera</Filter>
    </ClInclude>
    <ClInclude Include="include\Objects\Meshing\ITMMesh.h">
      <Filter>include\Objects\Meshing</Filter>
    </ClInclude>
    <ClInclude Include="include\Objects\Misc\ITMIMUMeasurement.h">
      <Filter>include\Objects\Misc</Filter>
    </ClInclude>
    <ClInclude Include="include\Objects\Misc\ITMPointCloud.h">
      <Filter>include\Objects\Misc</Filter>
    </ClInclude>
    <ClInclude Include="include\Objects\Misc\ITMIMUCalibrator.h">
      <Filter>include\Objects\Misc</Filter>
    </ClInclude>
    <ClInclude Include="include\Objects\RenderStates\ITMRenderState_VH.h">
      <Filter>include\Objects\RenderStates</Filter>
    </ClInclude>
    <ClInclude Include="include\Objects\RenderStates\ITMRenderStateFactory.h">
      <Filter>include\Objects\RenderStates</Filter>
    </ClInclude>
    <ClInclude Include="include\Objects\RenderStates\ITMRenderStateMultiScene.h">
      <Filter>include\Objects\RenderStates</Filter>
    </ClInclude>
    <ClInclude Include="include\Objects\RenderStates\ITMSurfelRenderState.h">
      <Filter>include\Objects\RenderStates</Filter>
    </ClInclude>
    <ClInclude Include="include\Objects\RenderStates\ITMRenderState.h">
      <Filter>include\Objects\RenderStates</Filter>
    </ClInclude>
    <ClInclude Include="include\Objects\Scene\ITMLocalScene.h">
      <Filter>include\Objects\Scene</Filter>
    </ClInclude>
    <ClInclude Include="include\Objects\Scene\ITMLocalVBA.h">
      <Filter>include\Objects\Scene</Filter>
    </ClInclude>
    <ClInclude Include="include\Objects\Scene\ITMMultiSceneAccess.h">
      <Filter>include\Objects\Scene</Filter>
    </ClInclude>
    <ClInclude Include="include\Objects\Scene\ITMPlainVoxelArray.h">
      <Filter>include\Objects\Scene</Filter>
    </ClInclude>
    <ClInclude Include="include\Objects\Scene\ITMRepresentationAccess.h">
      <Filter>include\Objects\Scene</Filter>
    </ClInclude>
    <ClInclude Include="include\Objects\Scene\ITMScene.h">
      <Filter>include\Objects\Scene</Filter>
    </ClInclude>
    <ClInclude Include="include\Objects\Scene\ITMSurfelScene.h">
      <Filter>include\Objects\Scene</Filter>
    </ClInclude>
    <ClInclude Include="include\Objects\Scene\ITMSurfelTypes.h">
      <Filter>include\Objects\Scene</Filter>
    </ClInclude>
    <ClInclude Include="include\Objects\Scene\ITMVoxelBlockHash.h">
      <Filter>include\Objects\Scene</Filter>
    </ClInclude>
    <ClInclude Include="include\Objects\Scene\ITMVoxelTypes.h">
      <Filter>include\Objects\Scene</Filter>
    </ClInclude>
    <ClInclude Include="include\Objects\Scene\ITMGlobalCache.h">
      <Filter>include\Objects\Scene</Filter>
    </ClInclude>
    <ClInclude Include="include\Objects\Scene\ITMLocalMap.h">
      <Filter>include\Objects\Scene</Filter>
    </ClInclude>
    <ClInclude Include="include\Objects\Tracking\ITMRGBHierarchyLevel.h">
      <Filter>include\Objects\Tracking</Filter>
    </ClInclude>
    <ClInclude Include="include\Objects\Tracking\ITMSceneHierarchyLevel.h">
      <Filter>include\Objects\Tracking</Filter>
    </ClInclude>
    <ClInclude Include="include\Objects\Tracking\ITMTemplatedHierarchyLevel.h">
      <Filter>include\Objects\Tracking</Filter>
    </ClInclude>
    <ClInclude Include="include\Objects\Tracking\ITMTrackingState.h">
      <Filter>include\Objects\Tracking</Filter>
    </ClInclude>
    <ClInclude Include="include\Objects\Tracking\ITMViewHierarchyLevel.h">
      <Filter>include\Objects\Tracking</Filter>
    </ClInclude>
    <ClInclude Include="include\Objects\Tracking\TrackerIterationType.h">
      <Filter>include\Objects\Tracking</Filter>
    </ClInclude>
    <ClInclude Include="include\Objects\Tracking\ITMDepthHierarchyLevel.h">
      <Filter>include\Objects\Tracking</Filter>
    </ClInclude>
    <ClInclude Include="include\Objects\Tracking\ITMImageHierarchy.h">
      <Filter>include\Objects\Tracking</Filter>
    </ClInclude>
    <ClInclude Include="include\Objects\Tracking\ITMIntensityHierarchyLevel.h">
      <Filter>include\Objects\Tracking</Filter>
    </ClInclude>
    <ClInclude Include="include\Objects\Views\ITMViewIMU.h">
      <Filter>include\Objects\Views</Filter>
    </ClInclude>
    <ClInclude Include="include\Objects\Views\ITMView.h">
      <Filter>include\Objects\Views</Filter>
    </ClInclude>
    <ClInclude Include="include\Trackers\ITMTrackerFactory.h">
      <Filter>include\Trackers</Filter>
    </ClInclude>
    <ClInclude Include="include\Trackers\Shared\ITMColorTracker_Shared.h">
      <Filter>include\Trackers\Shared</Filter>
    </ClInclude>
    <ClInclude Include="include\Trackers\Shared\ITMDepthTracker_Shared.h">
      <Filter>include\Trackers\Shared</Filter>
    </ClInclude>
    <ClInclude Include="include\Trackers\Shared\ITMExtendedTracker_Shared.h">
      <Filter>include\Trackers\Shared</Filter>
    </ClInclude>
    <ClInclude Include="include\Trackers\Metal\ITMExtendedTracker_Metal.h">
      <Filter>include\Trackers\Metal</Filter>
    </ClInclude>
    <ClInclude Include="include\Trackers\Interface\ITMFileBasedTracker.h">
      <Filter>include\Trackers\Interface</Filter>
    </ClInclude>
    <ClInclude Include="include\Trackers\Interface\ITMForceFailTracker.h">
      <Filter>include\Trackers\Interface</Filter>
    </ClInclude>
    <ClInclude Include="include\Trackers\Interface\ITMIMUTracker.h">
      <Filter>include\Trackers\Interface</Filter>
    </ClInclude>
    <ClInclude Include="include\Trackers\Interface\ITMTracker.h">
      <Filter>include\Trackers\Interface</Filter>
    </ClInclude>
    <ClInclude Include="include\Trackers\Interface\ITMColorTracker.h">
      <Filter>include\Trackers\Interface</Filter>
    </ClInclude>
    <ClInclude Include="include\Trackers\Interface\ITMCompositeTracker.h">
      <Filter>include\Trackers\Interface</Filter>
    </ClInclude>
    <ClInclude Include="include\Trackers\Interface\ITMDepthTracker.h">
      <Filter>include\Trackers\Interface</Filter>
    </ClInclude>
    <ClInclude Include="include\Trackers\Interface\ITMExtendedTracker.h">
      <Filter>include\Trackers\Interface</Filter>
    </ClInclude>
    <ClInclude Include="include\Trackers\CUDA\ITMColorTracker_CUDA.h">
      <Filter>include\Trackers\CUDA</Filter>
    </ClInclude>
    <ClInclude Include="include\Trackers\CUDA\ITMDepthTracker_CUDA.h">
      <Filter>include\Trackers\CUDA</Filter>
    </ClInclude>
    <ClInclude Include="include\Trackers\CUDA\ITMExtendedTracker_CUDA.h">
      <Filter>include\Trackers\CUDA</Filter>
    </ClInclude>
    <ClInclude Include="include\Trackers\CPU\ITMColorTracker_CPU.h">
      <Filter>include\Trackers\CPU</Filter>
    </ClInclude>
    <ClInclude Include="include\Trackers\CPU\ITMDepthTracker_CPU.h">
      <Filter>include\Trackers\CPU</Filter>
    </ClInclude>
    <ClInclude Include="include\Trackers\CPU\ITMExtendedTracker_CPU.h">
      <Filter>include\Trackers\CPU</Filter>
    </ClInclude>
    <ClInclude Include="include\Utils\ITMLibSettings.h">
      <Filter>include\Utils</Filter>
    </ClInclude>
    <ClInclude Include="include\Utils\ITMMath.h">
      <Filter>include\Utils</Filter>
    </ClInclude>
    <ClInclude Include="include\Utils\ITMMemoryBlockTypes.h">
      <Filter>include\Utils</Filter>
    </ClInclude>
    <ClInclude Include="include\Utils\ITMPixelUtils.h">
      <Filter>include\Utils</Filter>
    </ClInclude>
    <ClInclude Include="include\Utils\ITMProjectionUtils.h">
      <Filter>include\Utils</Filter>
    </ClInclude>
    <ClInclude Include="include\Utils\ITMSceneParams.h">
      <Filter>include\Utils</Filter>
    </ClInclude>
    <ClInclude Include="include\Utils\ITMSurfelSceneParams.h">
      <Filter>include\Utils</Filter>
    </ClInclude>
    <ClInclude Include="include\Utils\ITMCUDAUtils.h">
      <Filter>include\Utils</Filter>
    </ClInclude>
    <ClInclude Include="include\Utils\ITMImageTypes.h">
      <Filter>include\Utils</Filter>
    </ClInclude>
    <ClInclude Include="include\ITMLibDefines.h">
      <Filter>include</Filter>
    </ClInclude>
  </ItemGroup>
  <ItemGroup>
    <None Include="include\Core\ITMBasicSurfelEngine.tpp">
      <Filter>include\Core</Filter>
    </None>
    <None Include="include\Core\ITMDenseMapper.tpp">
      <Filter>include\Core</Filter>
    </None>
    <None Include="include\Core\ITMDenseSurfelMapper.tpp">
      <Filter>include\Core</Filter>
    </None>
    <None Include="include\Core\ITMMultiEngine.tpp">
      <Filter>include\Core</Filter>
    </None>
    <None Include="include\Core\ITMBasicEngine.tpp">
      <Filter>include\Core</Filter>
    </None>
    <None Include="include\Engines\LowLevel\CUDA\ITMLowLevelEngine_CUDA.cu">
      <Filter>include\Engines\LowLevel\CUDA</Filter>
    </None>
    <None Include="include\Engines\Meshing\CPU\ITMMeshingEngine_CPU.tpp">
      <Filter>include\Engines\Meshing\CPU</Filter>
    </None>
    <None Include="include\Engines\Meshing\CPU\ITMMultiMeshingEngine_CPU.tpp">
      <Filter>include\Engines\Meshing\CPU</Filter>
    </None>
    <None Include="include\Engines\Meshing\CUDA\ITMMeshingEngine_CUDA.tcu">
      <Filter>include\Engines\Meshing\CUDA</Filter>
    </None>
    <None Include="include\Engines\Meshing\CUDA\ITMMultiMeshingEngine_CUDA.tcu">
      <Filter>include\Engines\Meshing\CUDA</Filter>
    </None>
    <None Include="include\Engines\MultiScene\ITMMapGraphManager.tpp">
      <Filter>include\Engines\MultiScene</Filter>
    </None>
    <None Include="include\Engines\Visualisation\CPU\ITMMultiVisualisationEngine_CPU.tpp">
      <Filter>include\Engines\Visualisation\CPU</Filter>
    </None>
    <None Include="include\Engines\Visualisation\CPU\ITMSurfelVisualisationEngine_CPU.tpp">
      <Filter>include\Engines\Visualisation\CPU</Filter>
    </None>
    <None Include="include\Engines\Visualisation\CPU\ITMVisualisationEngine_CPU.tpp">
      <Filter>include\Engines\Visualisation\CPU</Filter>
    </None>
    <None Include="include\Engines\Visualisation\CUDA\ITMSurfelVisualisationEngine_CUDA.tcu">
      <Filter>include\Engines\Visualisation\CUDA</Filter>
    </None>
    <None Include="include\Engines\Visualisation\CUDA\ITMVisualisationEngine_CUDA.tcu">
      <Filter>include\Engines\Visualisation\CUDA</Filter>
    </None>
    <None Include="include\Engines\Visualisation\CUDA\ITMVisualisationHelpers_CUDA.cu">
      <Filter>include\Engines\Visualisation\CUDA</Filter>
    </None>
    <None Include="include\Engines\Visualisation\CUDA\ITMMultiVisualisationEngine_CUDA.tcu">
      <Filter>include\Engines\Visualisation\CUDA</Filter>
    </None>
    <None Include="include\Engines\Visualisation\Interface\ITMSurfelVisualisationEngine.tpp">
      <Filter>include\Engines\Visualisation\Interface</Filter>
    </None>
    <None Include="include\Engines\Visualisation\Metal\ITMVisualisationEngine.metal">
      <Filter>include\Engines\Visualisation\Metal</Filter>
    </None>
    <None Include="include\Engines\Visualisation\Metal\ITMVisualisationEngine_Metal.mm">
      <Filter>include\Engines\Visualisation\Metal</Filter>
    </None>
    <None Include="include\Engines\Visualisation\ITMSurfelVisualisationEngineFactory.tpp">
      <Filter>include\Engines\Visualisation</Filter>
    </None>
    <None Include="include\Engines\ViewBuilding\CUDA\ITMViewBuilder_CUDA.cu">
      <Filter>include\Engines\ViewBuilding\CUDA</Filter>
    </None>
    <None Include="include\Engines\Swapping\CPU\ITMSwappingEngine_CPU.tpp">
      <Filter>include\Engines\Swapping\CPU</Filter>
    </None>
    <None Include="include\Engines\Swapping\CUDA\ITMSwappingEngine_CUDA.tcu">
      <Filter>include\Engines\Swapping\CUDA</Filter>
    </None>
    <None Include="include\Engines\Swapping\Metal\ITMSwappingEngine_Metal.mm">
      <Filter>include\Engines\Swapping\Metal</Filter>
    </None>
    <None Include="include\Engines\Swapping\Metal\ITMSwappingEngine.metal">
      <Filter>include\Engines\Swapping\Metal</Filter>
    </None>
    <None Include="include\Engines\Reconstruction\ITMSurfelSceneReconstructionEngineFactory.tpp">
      <Filter>include\Engines\Reconstruction</Filter>
    </None>
    <None Include="include\Engines\Reconstruction\CPU\ITMSceneReconstructionEngine_CPU.tpp">
      <Filter>include\Engines\Reconstruction\CPU</Filter>
    </None>
    <None Include="include\Engines\Reconstruction\CPU\ITMSurfelSceneReconstructionEngine_CPU.tpp">
      <Filter>include\Engines\Reconstruction\CPU</Filter>
    </None>
    <None Include="include\Engines\Reconstruction\CUDA\ITMSceneReconstructionEngine_CUDA.tcu">
      <Filter>include\Engines\Reconstruction\CUDA</Filter>
    </None>
    <None Include="include\Engines\Reconstruction\CUDA\ITMSurfelSceneReconstructionEngine_CUDA.tcu">
      <Filter>include\Engines\Reconstruction\CUDA</Filter>
    </None>
    <None Include="include\Engines\Reconstruction\Interface\ITMSurfelSceneReconstructionEngine.tpp">
      <Filter>include\Engines\Reconstruction\Interface</Filter>
    </None>
    <None Include="include\Engines\Reconstruction\Metal\ITMSceneReconstructionEngine_Metal.mm">
      <Filter>include\Engines\Reconstruction\Metal</Filter>
    </None>
    <None Include="include\Engines\Reconstruction\Metal\ITMSceneReconstructionEngine.metal">
      <Filter>include\Engines\Reconstruction\Metal</Filter>
    </None>
    <None Include="include\Trackers\Metal\ITMExtendedTracker_Metal.mm">
      <Filter>include\Trackers\Metal</Filter>
    </None>
    <None Include="include\Trackers\Metal\ITMExtendedTracker.metal">
      <Filter>include\Trackers\Metal</Filter>
    </None>
    <None Include="include\Trackers\CUDA\ITMDepthTracker_CUDA.cu">
      <Filter>include\Trackers\CUDA</Filter>
    </None>
    <None Include="include\Trackers\CUDA\ITMExtendedTracker_CUDA.cu">
      <Filter>include\Trackers\CUDA</Filter>
    </None>
    <None Include="include\Trackers\CUDA\ITMColorTracker_CUDA.cu">
      <Filter>include\Trackers\CUDA</Filter>
    </None>
    <None Include="include\CUDAInstantiations.cu">
      <Filter>include</Filter>
    </None>
    <None Include="include\MetalInstantiations.mm">
      <Filter>include</Filter>
    </None>
  </ItemGroup>
  <ItemGroup>
    <ClCompile Include="include\Engines\LowLevel\ITMLowLevelEngineFactory.cpp">
      <Filter>include\Engines\LowLevel</Filter>
    </ClCompile>
    <ClCompile Include="include\Engines\LowLevel\CPU\ITMLowLevelEngine_CPU.cpp">
      <Filter>include\Engines\LowLevel\CPU</Filter>
    </ClCompile>
    <ClCompile Include="include\Engines\MultiScene\ITMGlobalAdjustmentEngine.cpp">
      <Filter>include\Engines\MultiScene</Filter>
    </ClCompile>
    <ClCompile Include="include\Engines\MultiScene\ITMActiveMapManager.cpp">
      <Filter>include\Engines\MultiScene</Filter>
    </ClCompile>
    <ClCompile Include="include\Engines\Visualisation\Interface\ITMVisualisationEngine.cpp">
      <Filter>include\Engines\Visualisation\Interface</Filter>
    </ClCompile>
    <ClCompile Include="include\Engines\ViewBuilding\CPU\ITMViewBuilder_CPU.cpp">
      <Filter>include\Engines\ViewBuilding\CPU</Filter>
    </ClCompile>
    <ClCompile Include="include\Engines\ViewBuilding\ITMViewBuilderFactory.cpp">
      <Filter>include\Engines\ViewBuilding</Filter>
    </ClCompile>
    <ClCompile Include="include\Objects\Camera\ITMCalibIO.cpp">
      <Filter>include\Objects\Camera</Filter>
    </ClCompile>
    <ClCompile Include="include\Objects\RenderStates\ITMSurfelRenderState.cpp">
      <Filter>include\Objects\RenderStates</Filter>
    </ClCompile>
    <ClCompile Include="include\Trackers\Interface\ITMForceFailTracker.cpp">
      <Filter>include\Trackers\Interface</Filter>
    </ClCompile>
    <ClCompile Include="include\Trackers\Interface\ITMIMUTracker.cpp">
      <Filter>include\Trackers\Interface</Filter>
    </ClCompile>
    <ClCompile Include="include\Trackers\Interface\ITMColorTracker.cpp">
      <Filter>include\Trackers\Interface</Filter>
    </ClCompile>
    <ClCompile Include="include\Trackers\Interface\ITMDepthTracker.cpp">
      <Filter>include\Trackers\Interface</Filter>
    </ClCompile>
    <ClCompile Include="include\Trackers\Interface\ITMExtendedTracker.cpp">
      <Filter>include\Trackers\Interface</Filter>
    </ClCompile>
    <ClCompile Include="include\Trackers\Interface\ITMFileBasedTracker.cpp">
      <Filter>include\Trackers\Interface</Filter>
    </ClCompile>
    <ClCompile Include="include\Trackers\CPU\ITMDepthTracker_CPU.cpp">
      <Filter>include\Trackers\CPU</Filter>
    </ClCompile>
    <ClCompile Include="include\Trackers\CPU\ITMExtendedTracker_CPU.cpp">
      <Filter>include\Trackers\CPU</Filter>
    </ClCompile>
    <ClCompile Include="include\Trackers\CPU\ITMColorTracker_CPU.cpp">
      <Filter>include\Trackers\CPU</Filter>
    </ClCompile>
    <ClCompile Include="include\Utils\ITMLibSettings.cpp">
      <Filter>include\Utils</Filter>
    </ClCompile>
    <ClCompile Include="include\CPUInstantiations.cpp">
      <Filter>include</Filter>
    </ClCompile>
  </ItemGroup>
</Project>